
Microsoft Visual Studio Solution File, Format Version 12.00
# Visual Studio Version 17
VisualStudioVersion = 17.14.36121.58 d17.14
MinimumVisualStudioVersion = 10.0.40219.1
Project("{FAE04EC0-301F-11D3-BF4B-00C04F79EFBC}") = "Practica1MVC", "Practica1MVC.csproj", "{C8771823-567E-497A-B6AC-711B76D7D77B}"
EndProject
Global
	GlobalSection(SolutionConfigurationPlatforms) = preSolution
		Debug|Any CPU = Debug|Any CPU
		Release|Any CPU = Release|Any CPU
	EndGlobalSection
	GlobalSection(ProjectConfigurationPlatforms) = postSolution
		{C8771823-567E-497A-B6AC-711B76D7D77B}.Debug|Any CPU.ActiveCfg = Debug|Any CPU
		{C8771823-567E-497A-B6AC-711B76D7D77B}.Debug|Any CPU.Build.0 = Debug|Any CPU
		{C8771823-567E-497A-B6AC-711B76D7D77B}.Release|Any CPU.ActiveCfg = Release|Any CPU
		{C8771823-567E-497A-B6AC-711B76D7D77B}.Release|Any CPU.Build.0 = Release|Any CPU
	EndGlobalSection
	GlobalSection(SolutionProperties) = preSolution
		HideSolutionNode = FALSE
	EndGlobalSection
	GlobalSection(ExtensibilityGlobals) = postSolution
		SolutionGuid = {43422618-6374-43C9-948B-1D03EF10C9C2}
	EndGlobalSection
EndGlobal
